// !$*UTF8*$!
{
	archiveVersion = 1;
	classes = {
	};
	objectVersion = 56;
	objects = {

/* Begin PBXBuildFile section */
		11C95BBF2A316C8100F86AE1 /* GSKit.h in Headers */ = {isa = PBXBuildFile; fileRef = 11C95BBE2A316C8100F86AE1 /* GSKit.h */; settings = {ATTRIBUTES = (Public, ); }; };
		11C95BC62A316CB600F86AE1 /* GSViewController.swift in Sources */ = {isa = PBXBuildFile; fileRef = 11C95BC52A316CB600F86AE1 /* GSViewController.swift */; };
		11C95BCE2A316D4300F86AE1 /* AppDelegate.swift in Sources */ = {isa = PBXBuildFile; fileRef = 11C95BCD2A316D4300F86AE1 /* AppDelegate.swift */; };
		11C95BD02A316D4300F86AE1 /* SceneDelegate.swift in Sources */ = {isa = PBXBuildFile; fileRef = 11C95BCF2A316D4300F86AE1 /* SceneDelegate.swift */; };
		11C95BD22A316D4300F86AE1 /* ViewController.swift in Sources */ = {isa = PBXBuildFile; fileRef = 11C95BD12A316D4300F86AE1 /* ViewController.swift */; };
		11C95BD52A316D4300F86AE1 /* Main.storyboard in Resources */ = {isa = PBXBuildFile; fileRef = 11C95BD32A316D4300F86AE1 /* Main.storyboard */; };
		11C95BD72A316D4500F86AE1 /* Assets.xcassets in Resources */ = {isa = PBXBuildFile; fileRef = 11C95BD62A316D4500F86AE1 /* Assets.xcassets */; };
		11C95BDA2A316D4500F86AE1 /* LaunchScreen.storyboard in Resources */ = {isa = PBXBuildFile; fileRef = 11C95BD82A316D4500F86AE1 /* LaunchScreen.storyboard */; };
		11C95BE02A316DDA00F86AE1 /* GSKit.framework in Frameworks */ = {isa = PBXBuildFile; fileRef = 11C95BBB2A316C8100F86AE1 /* GSKit.framework */; };
		11C95BE12A316DDA00F86AE1 /* GSKit.framework in Embed Frameworks */ = {isa = PBXBuildFile; fileRef = 11C95BBB2A316C8100F86AE1 /* GSKit.framework */; settings = {ATTRIBUTES = (CodeSignOnCopy, RemoveHeadersOnCopy, ); }; };
/* End PBXBuildFile section */

/* Begin PBXContainerItemProxy section */
		11C95BE22A316DDA00F86AE1 /* PBXContainerItemProxy */ = {
			isa = PBXContainerItemProxy;
			containerPortal = 11C95BB22A316C8100F86AE1 /* Project object */;
			proxyType = 1;
			remoteGlobalIDString = 11C95BBA2A316C8100F86AE1;
			remoteInfo = carthageExampleFramework;
		};
/* End PBXContainerItemProxy section */

/* Begin PBXCopyFilesBuildPhase section */
		11C95BE42A316DDA00F86AE1 /* Embed Frameworks */ = {
			isa = PBXCopyFilesBuildPhase;
			buildActionMask = 2147483647;
			dstPath = "";
			dstSubfolderSpec = 10;
			files = (
				11C95BE12A316DDA00F86AE1 /* GSKit.framework in Embed Frameworks */,
			);
			name = "Embed Frameworks";
			runOnlyForDeploymentPostprocessing = 0;
		};
/* End PBXCopyFilesBuildPhase section */

/* Begin PBXFileReference section */
		11C95BBB2A316C8100F86AE1 /* GSKit.framework */ = {isa = PBXFileReference; explicitFileType = wrapper.framework; includeInIndex = 0; path = GSKit.framework; sourceTree = BUILT_PRODUCTS_DIR; };
		11C95BBE2A316C8100F86AE1 /* GSKit.h */ = {isa = PBXFileReference; lastKnownFileType = sourcecode.c.h; path = GSKit.h; sourceTree = "<group>"; };
		11C95BC52A316CB600F86AE1 /* GSViewController.swift */ = {isa = PBXFileReference; lastKnownFileType = sourcecode.swift; path = GSViewController.swift; sourceTree = "<group>"; };
		11C95BCB2A316D4200F86AE1 /* carthageExampleApp.app */ = {isa = PBXFileReference; explicitFileType = wrapper.application; includeInIndex = 0; path = carthageExampleApp.app; sourceTree = BUILT_PRODUCTS_DIR; };
		11C95BCD2A316D4300F86AE1 /* AppDelegate.swift */ = {isa = PBXFileReference; lastKnownFileType = sourcecode.swift; path = AppDelegate.swift; sourceTree = "<group>"; };
		11C95BCF2A316D4300F86AE1 /* SceneDelegate.swift */ = {isa = PBXFileReference; lastKnownFileType = sourcecode.swift; path = SceneDelegate.swift; sourceTree = "<group>"; };
		11C95BD12A316D4300F86AE1 /* ViewController.swift */ = {isa = PBXFileReference; lastKnownFileType = sourcecode.swift; path = ViewController.swift; sourceTree = "<group>"; };
		11C95BD42A316D4300F86AE1 /* Base */ = {isa = PBXFileReference; lastKnownFileType = file.storyboard; name = Base; path = Base.lproj/Main.storyboard; sourceTree = "<group>"; };
		11C95BD62A316D4500F86AE1 /* Assets.xcassets */ = {isa = PBXFileReference; lastKnownFileType = folder.assetcatalog; path = Assets.xcassets; sourceTree = "<group>"; };
		11C95BD92A316D4500F86AE1 /* Base */ = {isa = PBXFileReference; lastKnownFileType = file.storyboard; name = Base; path = Base.lproj/LaunchScreen.storyboard; sourceTree = "<group>"; };
		11C95BDB2A316D4500F86AE1 /* Info.plist */ = {isa = PBXFileReference; lastKnownFileType = text.plist.xml; path = Info.plist; sourceTree = "<group>"; };
/* End PBXFileReference section */

/* Begin PBXFrameworksBuildPhase section */
		11C95BB82A316C8100F86AE1 /* Frameworks */ = {
			isa = PBXFrameworksBuildPhase;
			buildActionMask = 2147483647;
			files = (
			);
			runOnlyForDeploymentPostprocessing = 0;
		};
		11C95BC82A316D4200F86AE1 /* Frameworks */ = {
			isa = PBXFrameworksBuildPhase;
			buildActionMask = 2147483647;
			files = (
				11C95BE02A316DDA00F86AE1 /* GSKit.framework in Frameworks */,
			);
			runOnlyForDeploymentPostprocessing = 0;
		};
/* End PBXFrameworksBuildPhase section */

/* Begin PBXGroup section */
		11C95BB12A316C8100F86AE1 = {
			isa = PBXGroup;
			children = (
				11C95BBD2A316C8100F86AE1 /* GSKit */,
				11C95BCC2A316D4300F86AE1 /* carthageExampleApp */,
				11C95BBC2A316C8100F86AE1 /* Products */,
				11C95BDF2A316DDA00F86AE1 /* Frameworks */,
			);
			sourceTree = "<group>";
		};
		11C95BBC2A316C8100F86AE1 /* Products */ = {
			isa = PBXGroup;
			children = (
				11C95BBB2A316C8100F86AE1 /* GSKit.framework */,
				11C95BCB2A316D4200F86AE1 /* carthageExampleApp.app */,
			);
			name = Products;
			sourceTree = "<group>";
		};
		11C95BBD2A316C8100F86AE1 /* GSKit */ = {
			isa = PBXGroup;
			children = (
				11C95BBE2A316C8100F86AE1 /* GSKit.h */,
				11C95BC52A316CB600F86AE1 /* GSViewController.swift */,
			);
			path = GSKit;
			sourceTree = "<group>";
		};
		11C95BCC2A316D4300F86AE1 /* carthageExampleApp */ = {
			isa = PBXGroup;
			children = (
				11C95BCD2A316D4300F86AE1 /* AppDelegate.swift */,
				11C95BCF2A316D4300F86AE1 /* SceneDelegate.swift */,
				11C95BD12A316D4300F86AE1 /* ViewController.swift */,
				11C95BD32A316D4300F86AE1 /* Main.storyboard */,
				11C95BD62A316D4500F86AE1 /* Assets.xcassets */,
				11C95BD82A316D4500F86AE1 /* LaunchScreen.storyboard */,
				11C95BDB2A316D4500F86AE1 /* Info.plist */,
			);
			path = carthageExampleApp;
			sourceTree = "<group>";
		};
		11C95BDF2A316DDA00F86AE1 /* Frameworks */ = {
			isa = PBXGroup;
			children = (
			);
			name = Frameworks;
			sourceTree = "<group>";
		};
/* End PBXGroup section */

/* Begin PBXHeadersBuildPhase section */
		11C95BB62A316C8100F86AE1 /* Headers */ = {
			isa = PBXHeadersBuildPhase;
			buildActionMask = 2147483647;
			files = (
				11C95BBF2A316C8100F86AE1 /* GSKit.h in Headers */,
			);
			runOnlyForDeploymentPostprocessing = 0;
		};
/* End PBXHeadersBuildPhase section */

/* Begin PBXNativeTarget section */
		11C95BBA2A316C8100F86AE1 /* GSKit */ = {
			isa = PBXNativeTarget;
			buildConfigurationList = 11C95BC22A316C8100F86AE1 /* Build configuration list for PBXNativeTarget "GSKit" */;
			buildPhases = (
				11C95BB62A316C8100F86AE1 /* Headers */,
				11C95BB72A316C8100F86AE1 /* Sources */,
				11C95BB82A316C8100F86AE1 /* Frameworks */,
				11C95BB92A316C8100F86AE1 /* Resources */,
			);
			buildRules = (
			);
			dependencies = (
			);
			name = GSKit;
			productName = carthageExampleFramework;
			productReference = 11C95BBB2A316C8100F86AE1 /* GSKit.framework */;
			productType = "com.apple.product-type.framework";
		};
		11C95BCA2A316D4200F86AE1 /* carthageExampleApp */ = {
			isa = PBXNativeTarget;
			buildConfigurationList = 11C95BDC2A316D4500F86AE1 /* Build configuration list for PBXNativeTarget "carthageExampleApp" */;
			buildPhases = (
				11C95BC72A316D4200F86AE1 /* Sources */,
				11C95BC82A316D4200F86AE1 /* Frameworks */,
				11C95BC92A316D4200F86AE1 /* Resources */,
				11C95BE42A316DDA00F86AE1 /* Embed Frameworks */,
			);
			buildRules = (
			);
			dependencies = (
				11C95BE32A316DDA00F86AE1 /* PBXTargetDependency */,
			);
			name = carthageExampleApp;
			productName = carthageExampleApp;
			productReference = 11C95BCB2A316D4200F86AE1 /* carthageExampleApp.app */;
			productType = "com.apple.product-type.application";
		};
/* End PBXNativeTarget section */

/* Begin PBXProject section */
		11C95BB22A316C8100F86AE1 /* Project object */ = {
			isa = PBXProject;
			attributes = {
				BuildIndependentTargetsInParallel = 1;
				LastSwiftUpdateCheck = 1430;
				LastUpgradeCheck = 1430;
				TargetAttributes = {
					11C95BBA2A316C8100F86AE1 = {
						CreatedOnToolsVersion = 14.3;
						LastSwiftMigration = 1430;
					};
					11C95BCA2A316D4200F86AE1 = {
						CreatedOnToolsVersion = 14.3;
					};
				};
			};
			buildConfigurationList = 11C95BB52A316C8100F86AE1 /* Build configuration list for PBXProject "carthageExampleFramework" */;
			compatibilityVersion = "Xcode 14.0";
			developmentRegion = en;
			hasScannedForEncodings = 0;
			knownRegions = (
				en,
				Base,
			);
			mainGroup = 11C95BB12A316C8100F86AE1;
			productRefGroup = 11C95BBC2A316C8100F86AE1 /* Products */;
			projectDirPath = "";
			projectRoot = "";
			targets = (
				11C95BBA2A316C8100F86AE1 /* GSKit */,
				11C95BCA2A316D4200F86AE1 /* carthageExampleApp */,
			);
		};
/* End PBXProject section */

/* Begin PBXResourcesBuildPhase section */
		11C95BB92A316C8100F86AE1 /* Resources */ = {
			isa = PBXResourcesBuildPhase;
			buildActionMask = 2147483647;
			files = (
			);
			runOnlyForDeploymentPostprocessing = 0;
		};
		11C95BC92A316D4200F86AE1 /* Resources */ = {
			isa = PBXResourcesBuildPhase;
			buildActionMask = 2147483647;
			files = (
				11C95BDA2A316D4500F86AE1 /* LaunchScreen.storyboard in Resources */,
				11C95BD72A316D4500F86AE1 /* Assets.xcassets in Resources */,
				11C95BD52A316D4300F86AE1 /* Main.storyboard in Resources */,
			);
			runOnlyForDeploymentPostprocessing = 0;
		};
/* End PBXResourcesBuildPhase section */

/* Begin PBXSourcesBuildPhase section */
		11C95BB72A316C8100F86AE1 /* Sources */ = {
			isa = PBXSourcesBuildPhase;
			buildActionMask = 2147483647;
			files = (
				11C95BC62A316CB600F86AE1 /* GSViewController.swift in Sources */,
			);
			runOnlyForDeploymentPostprocessing = 0;
		};
		11C95BC72A316D4200F86AE1 /* Sources */ = {
			isa = PBXSourcesBuildPhase;
			buildActionMask = 2147483647;
			files = (
				11C95BD22A316D4300F86AE1 /* ViewController.swift in Sources */,
				11C95BCE2A316D4300F86AE1 /* AppDelegate.swift in Sources */,
				11C95BD02A316D4300F86AE1 /* SceneDelegate.swift in Sources */,
			);
			runOnlyForDeploymentPostprocessing = 0;
		};
/* End PBXSourcesBuildPhase section */

/* Begin PBXTargetDependency section */
		11C95BE32A316DDA00F86AE1 /* PBXTargetDependency */ = {
			isa = PBXTargetDependency;
			target = 11C95BBA2A316C8100F86AE1 /* GSKit */;
			targetProxy = 11C95BE22A316DDA00F86AE1 /* PBXContainerItemProxy */;
		};
/* End PBXTargetDependency section */

/* Begin PBXVariantGroup section */
		11C95BD32A316D4300F86AE1 /* Main.storyboard */ = {
			isa = PBXVariantGroup;
			children = (
				11C95BD42A316D4300F86AE1 /* Base */,
			);
			name = Main.storyboard;
			sourceTree = "<group>";
		};
		11C95BD82A316D4500F86AE1 /* LaunchScreen.storyboard */ = {
			isa = PBXVariantGroup;
			children = (
				11C95BD92A316D4500F86AE1 /* Base */,
			);
			name = LaunchScreen.storyboard;
			sourceTree = "<group>";
		};
/* End PBXVariantGroup section */

/* Begin XCBuildConfiguration section */
		11C95BC02A316C8100F86AE1 /* Debug */ = {
			isa = XCBuildConfiguration;
			buildSettings = {
				ALWAYS_SEARCH_USER_PATHS = NO;
				CLANG_ANALYZER_NONNULL = YES;
				CLANG_ANALYZER_NUMBER_OBJECT_CONVERSION = YES_AGGRESSIVE;
				CLANG_CXX_LANGUAGE_STANDARD = "gnu++20";
				CLANG_ENABLE_MODULES = YES;
				CLANG_ENABLE_OBJC_ARC = YES;
				CLANG_ENABLE_OBJC_WEAK = YES;
				CLANG_WARN_BLOCK_CAPTURE_AUTORELEASING = YES;
				CLANG_WARN_BOOL_CONVERSION = YES;
				CLANG_WARN_COMMA = YES;
				CLANG_WARN_CONSTANT_CONVERSION = YES;
				CLANG_WARN_DEPRECATED_OBJC_IMPLEMENTATIONS = YES;
				CLANG_WARN_DIRECT_OBJC_ISA_USAGE = YES_ERROR;
				CLANG_WARN_DOCUMENTATION_COMMENTS = YES;
				CLANG_WARN_EMPTY_BODY = YES;
				CLANG_WARN_ENUM_CONVERSION = YES;
				CLANG_WARN_INFINITE_RECURSION = YES;
				CLANG_WARN_INT_CONVERSION = YES;
				CLANG_WARN_NON_LITERAL_NULL_CONVERSION = YES;
				CLANG_WARN_OBJC_IMPLICIT_RETAIN_SELF = YES;
				CLANG_WARN_OBJC_LITERAL_CONVERSION = YES;
				CLANG_WARN_OBJC_ROOT_CLASS = YES_ERROR;
				CLANG_WARN_QUOTED_INCLUDE_IN_FRAMEWORK_HEADER = YES;
				CLANG_WARN_RANGE_LOOP_ANALYSIS = YES;
				CLANG_WARN_STRICT_PROTOTYPES = YES;
				CLANG_WARN_SUSPICIOUS_MOVE = YES;
				CLANG_WARN_UNGUARDED_AVAILABILITY = YES_AGGRESSIVE;
				CLANG_WARN_UNREACHABLE_CODE = YES;
				CLANG_WARN__DUPLICATE_METHOD_MATCH = YES;
				COPY_PHASE_STRIP = NO;
				CURRENT_PROJECT_VERSION = 1;
				DEBUG_INFORMATION_FORMAT = dwarf;
				ENABLE_STRICT_OBJC_MSGSEND = YES;
				ENABLE_TESTABILITY = YES;
				GCC_C_LANGUAGE_STANDARD = gnu11;
				GCC_DYNAMIC_NO_PIC = NO;
				GCC_NO_COMMON_BLOCKS = YES;
				GCC_OPTIMIZATION_LEVEL = 0;
				GCC_PREPROCESSOR_DEFINITIONS = (
					"DEBUG=1",
					"$(inherited)",
				);
				GCC_WARN_64_TO_32_BIT_CONVERSION = YES;
				GCC_WARN_ABOUT_RETURN_TYPE = YES_ERROR;
				GCC_WARN_UNDECLARED_SELECTOR = YES;
				GCC_WARN_UNINITIALIZED_AUTOS = YES_AGGRESSIVE;
				GCC_WARN_UNUSED_FUNCTION = YES;
				GCC_WARN_UNUSED_VARIABLE = YES;
				IPHONEOS_DEPLOYMENT_TARGET = 16.4;
				MTL_ENABLE_DEBUG_INFO = INCLUDE_SOURCE;
				MTL_FAST_MATH = YES;
				ONLY_ACTIVE_ARCH = YES;
				SDKROOT = iphoneos;
				SWIFT_ACTIVE_COMPILATION_CONDITIONS = DEBUG;
				SWIFT_OPTIMIZATION_LEVEL = "-Onone";
				VERSIONING_SYSTEM = "apple-generic";
				VERSION_INFO_PREFIX = "";
			};
			name = Debug;
		};
		11C95BC12A316C8100F86AE1 /* Release */ = {
			isa = XCBuildConfiguration;
			buildSettings = {
				ALWAYS_SEARCH_USER_PATHS = NO;
				CLANG_ANALYZER_NONNULL = YES;
				CLANG_ANALYZER_NUMBER_OBJECT_CONVERSION = YES_AGGRESSIVE;
				CLANG_CXX_LANGUAGE_STANDARD = "gnu++20";
				CLANG_ENABLE_MODULES = YES;
				CLANG_ENABLE_OBJC_ARC = YES;
				CLANG_ENABLE_OBJC_WEAK = YES;
				CLANG_WARN_BLOCK_CAPTURE_AUTORELEASING = YES;
				CLANG_WARN_BOOL_CONVERSION = YES;
				CLANG_WARN_COMMA = YES;
				CLANG_WARN_CONSTANT_CONVERSION = YES;
				CLANG_WARN_DEPRECATED_OBJC_IMPLEMENTATIONS = YES;
				CLANG_WARN_DIRECT_OBJC_ISA_USAGE = YES_ERROR;
				CLANG_WARN_DOCUMENTATION_COMMENTS = YES;
				CLANG_WARN_EMPTY_BODY = YES;
				CLANG_WARN_ENUM_CONVERSION = YES;
				CLANG_WARN_INFINITE_RECURSION = YES;
				CLANG_WARN_INT_CONVERSION = YES;
				CLANG_WARN_NON_LITERAL_NULL_CONVERSION = YES;
				CLANG_WARN_OBJC_IMPLICIT_RETAIN_SELF = YES;
				CLANG_WARN_OBJC_LITERAL_CONVERSION = YES;
				CLANG_WARN_OBJC_ROOT_CLASS = YES_ERROR;
				CLANG_WARN_QUOTED_INCLUDE_IN_FRAMEWORK_HEADER = YES;
				CLANG_WARN_RANGE_LOOP_ANALYSIS = YES;
				CLANG_WARN_STRICT_PROTOTYPES = YES;
				CLANG_WARN_SUSPICIOUS_MOVE = YES;
				CLANG_WARN_UNGUARDED_AVAILABILITY = YES_AGGRESSIVE;
				CLANG_WARN_UNREACHABLE_CODE = YES;
				CLANG_WARN__DUPLICATE_METHOD_MATCH = YES;
				COPY_PHASE_STRIP = NO;
				CURRENT_PROJECT_VERSION = 1;
				DEBUG_INFORMATION_FORMAT = "dwarf-with-dsym";
				ENABLE_NS_ASSERTIONS = NO;
				ENABLE_STRICT_OBJC_MSGSEND = YES;
				GCC_C_LANGUAGE_STANDARD = gnu11;
				GCC_NO_COMMON_BLOCKS = YES;
				GCC_WARN_64_TO_32_BIT_CONVERSION = YES;
				GCC_WARN_ABOUT_RETURN_TYPE = YES_ERROR;
				GCC_WARN_UNDECLARED_SELECTOR = YES;
				GCC_WARN_UNINITIALIZED_AUTOS = YES_AGGRESSIVE;
				GCC_WARN_UNUSED_FUNCTION = YES;
				GCC_WARN_UNUSED_VARIABLE = YES;
				IPHONEOS_DEPLOYMENT_TARGET = 16.4;
				MTL_ENABLE_DEBUG_INFO = NO;
				MTL_FAST_MATH = YES;
				SDKROOT = iphoneos;
				SWIFT_COMPILATION_MODE = wholemodule;
				SWIFT_OPTIMIZATION_LEVEL = "-O";
				VALIDATE_PRODUCT = YES;
				VERSIONING_SYSTEM = "apple-generic";
				VERSION_INFO_PREFIX = "";
			};
			name = Release;
		};
		11C95BC32A316C8100F86AE1 /* Debug */ = {
			isa = XCBuildConfiguration;
			buildSettings = {
				CLANG_ENABLE_MODULES = YES;
				CODE_SIGN_STYLE = Automatic;
				CURRENT_PROJECT_VERSION = 1;
				DEFINES_MODULE = YES;
				DYLIB_COMPATIBILITY_VERSION = 1;
				DYLIB_CURRENT_VERSION = 1;
				DYLIB_INSTALL_NAME_BASE = "@rpath";
				ENABLE_MODULE_VERIFIER = YES;
				GENERATE_INFOPLIST_FILE = YES;
				INFOPLIST_KEY_NSHumanReadableCopyright = "";
				INSTALL_PATH = "$(LOCAL_LIBRARY_DIR)/Frameworks";
				IPHONEOS_DEPLOYMENT_TARGET = 12.0;
				LD_RUNPATH_SEARCH_PATHS = (
					"$(inherited)",
					"@executable_path/Frameworks",
					"@loader_path/Frameworks",
				);
				MARKETING_VERSION = 1.0;
				MODULE_VERIFIER_SUPPORTED_LANGUAGES = "objective-c objective-c++";
				MODULE_VERIFIER_SUPPORTED_LANGUAGE_STANDARDS = "gnu11 gnu++20";
				PRODUCT_BUNDLE_IDENTIFIER = vn.vnptit.carthageExampleFramework;
				PRODUCT_NAME = "$(TARGET_NAME:c99extidentifier)";
				SKIP_INSTALL = YES;
				SWIFT_EMIT_LOC_STRINGS = YES;
				SWIFT_OPTIMIZATION_LEVEL = "-Onone";
				SWIFT_VERSION = 5.0;
				TARGETED_DEVICE_FAMILY = "1,2";
			};
			name = Debug;
		};
		11C95BC42A316C8100F86AE1 /* Release */ = {
			isa = XCBuildConfiguration;
			buildSettings = {
				CLANG_ENABLE_MODULES = YES;
				CODE_SIGN_STYLE = Automatic;
				CURRENT_PROJECT_VERSION = 1;
				DEFINES_MODULE = YES;
				DYLIB_COMPATIBILITY_VERSION = 1;
				DYLIB_CURRENT_VERSION = 1;
				DYLIB_INSTALL_NAME_BASE = "@rpath";
				ENABLE_MODULE_VERIFIER = YES;
				GENERATE_INFOPLIST_FILE = YES;
				INFOPLIST_KEY_NSHumanReadableCopyright = "";
				INSTALL_PATH = "$(LOCAL_LIBRARY_DIR)/Frameworks";
				IPHONEOS_DEPLOYMENT_TARGET = 12.0;
				LD_RUNPATH_SEARCH_PATHS = (
					"$(inherited)",
					"@executable_path/Frameworks",
					"@loader_path/Frameworks",
				);
				MARKETING_VERSION = 1.0;
				MODULE_VERIFIER_SUPPORTED_LANGUAGES = "objective-c objective-c++";
				MODULE_VERIFIER_SUPPORTED_LANGUAGE_STANDARDS = "gnu11 gnu++20";
				PRODUCT_BUNDLE_IDENTIFIER = vn.vnptit.carthageExampleFramework;
				PRODUCT_NAME = "$(TARGET_NAME:c99extidentifier)";
				SKIP_INSTALL = YES;
				SWIFT_EMIT_LOC_STRINGS = YES;
				SWIFT_VERSION = 5.0;
				TARGETED_DEVICE_FAMILY = "1,2";
			};
			name = Release;
		};
		11C95BDD2A316D4500F86AE1 /* Debug */ = {
			isa = XCBuildConfiguration;
			buildSettings = {
				ASSETCATALOG_COMPILER_APPICON_NAME = AppIcon;
				ASSETCATALOG_COMPILER_GLOBAL_ACCENT_COLOR_NAME = AccentColor;
				CODE_SIGN_STYLE = Automatic;
				CURRENT_PROJECT_VERSION = 1;
				GENERATE_INFOPLIST_FILE = YES;
				INFOPLIST_FILE = carthageExampleApp/Info.plist;
				INFOPLIST_KEY_UIApplicationSupportsIndirectInputEvents = YES;
				INFOPLIST_KEY_UILaunchStoryboardName = LaunchScreen;
				INFOPLIST_KEY_UIMainStoryboardFile = Main;
				INFOPLIST_KEY_UISupportedInterfaceOrientations_iPad = "UIInterfaceOrientationPortrait UIInterfaceOrientationPortraitUpsideDown UIInterfaceOrientationLandscapeLeft UIInterfaceOrientationLandscapeRight";
				INFOPLIST_KEY_UISupportedInterfaceOrientations_iPhone = "UIInterfaceOrientationPortrait UIInterfaceOrientationLandscapeLeft UIInterfaceOrientationLandscapeRight";
				IPHONEOS_DEPLOYMENT_TARGET = 13.0;
				LD_RUNPATH_SEARCH_PATHS = (
					"$(inherited)",
					"@executable_path/Frameworks",
				);
				MARKETING_VERSION = 1.0;
				PRODUCT_BUNDLE_IDENTIFIER = vn.vnptit.carthageExampleApp;
				PRODUCT_NAME = "$(TARGET_NAME)";
				SWIFT_EMIT_LOC_STRINGS = YES;
				SWIFT_VERSION = 5.0;
				TARGETED_DEVICE_FAMILY = "1,2";
			};
			name = Debug;
		};
		11C95BDE2A316D4500F86AE1 /* Release */ = {
			isa = XCBuildConfiguration;
			buildSettings = {
				ASSETCATALOG_COMPILER_APPICON_NAME = AppIcon;
				ASSETCATALOG_COMPILER_GLOBAL_ACCENT_COLOR_NAME = AccentColor;
				CODE_SIGN_STYLE = Automatic;
				CURRENT_PROJECT_VERSION = 1;
				GENERATE_INFOPLIST_FILE = YES;
				INFOPLIST_FILE = carthageExampleApp/Info.plist;
				INFOPLIST_KEY_UIApplicationSupportsIndirectInputEvents = YES;
				INFOPLIST_KEY_UILaunchStoryboardName = LaunchScreen;
				INFOPLIST_KEY_UIMainStoryboardFile = Main;
				INFOPLIST_KEY_UISupportedInterfaceOrientations_iPad = "UIInterfaceOrientationPortrait UIInterfaceOrientationPortraitUpsideDown UIInterfaceOrientationLandscapeLeft UIInterfaceOrientationLandscapeRight";
				INFOPLIST_KEY_UISupportedInterfaceOrientations_iPhone = "UIInterfaceOrientationPortrait UIInterfaceOrientationLandscapeLeft UIInterfaceOrientationLandscapeRight";
				IPHONEOS_DEPLOYMENT_TARGET = 13.0;
				LD_RUNPATH_SEARCH_PATHS = (
					"$(inherited)",
					"@executable_path/Frameworks",
				);
				MARKETING_VERSION = 1.0;
				PRODUCT_BUNDLE_IDENTIFIER = vn.vnptit.carthageExampleApp;
				PRODUCT_NAME = "$(TARGET_NAME)";
				SWIFT_EMIT_LOC_STRINGS = YES;
				SWIFT_VERSION = 5.0;
				TARGETED_DEVICE_FAMILY = "1,2";
			};
			name = Release;
		};
/* End XCBuildConfiguration section */

/* Begin XCConfigurationList section */
		11C95BB52A316C8100F86AE1 /* Build configuration list for PBXProject "carthageExampleFramework" */ = {
			isa = XCConfigurationList;
			buildConfigurations = (
				11C95BC02A316C8100F86AE1 /* Debug */,
				11C95BC12A316C8100F86AE1 /* Release */,
			);
			defaultConfigurationIsVisible = 0;
			defaultConfigurationName = Release;
		};
		11C95BC22A316C8100F86AE1 /* Build configuration list for PBXNativeTarget "GSKit" */ = {
			isa = XCConfigurationList;
			buildConfigurations = (
				11C95BC32A316C8100F86AE1 /* Debug */,
				11C95BC42A316C8100F86AE1 /* Release */,
			);
			defaultConfigurationIsVisible = 0;
			defaultConfigurationName = Release;
		};
		11C95BDC2A316D4500F86AE1 /* Build configuration list for PBXNativeTarget "carthageExampleApp" */ = {
			isa = XCConfigurationList;
			buildConfigurations = (
				11C95BDD2A316D4500F86AE1 /* Debug */,
				11C95BDE2A316D4500F86AE1 /* Release */,
			);
			defaultConfigurationIsVisible = 0;
			defaultConfigurationName = Release;
		};
/* End XCConfigurationList section */
	};
	rootObject = 11C95BB22A316C8100F86AE1 /* Project object */;
}
